// !$*UTF8*$!
{
	archiveVersion = 1;
	classes = {
	};
	objectVersion = 56;
	objects = {

/* Begin PBXBuildFile section */
		B761B81E2DFF01C400777015 /* FavoriteButton.swift in Sources */ = {isa = PBXBuildFile; fileRef = B761B81D2DFF01C400777015 /* FavoriteButton.swift */; };
		B7A11B512DF26C4000A86715 /* LandmarksApp.swift in Sources */ = {isa = PBXBuildFile; fileRef = B7A11B502DF26C4000A86715 /* LandmarksApp.swift */; };
		B7A11B532DF26C4000A86715 /* ContentView.swift in Sources */ = {isa = PBXBuildFile; fileRef = B7A11B522DF26C4000A86715 /* ContentView.swift */; };
		B7A11B552DF26C4100A86715 /* Assets.xcassets in Resources */ = {isa = PBXBuildFile; fileRef = B7A11B542DF26C4100A86715 /* Assets.xcassets */; };
		B7A11B582DF26C4100A86715 /* Preview Assets.xcassets in Resources */ = {isa = PBXBuildFile; fileRef = B7A11B572DF26C4100A86715 /* Preview Assets.xcassets */; };
		B7A11B5A2DF26C4100A86715 /* Persistence.swift in Sources */ = {isa = PBXBuildFile; fileRef = B7A11B592DF26C4100A86715 /* Persistence.swift */; };
		B7A11B5D2DF26C4100A86715 /* Landmarks.xcdatamodeld in Sources */ = {isa = PBXBuildFile; fileRef = B7A11B5B2DF26C4100A86715 /* Landmarks.xcdatamodeld */; };
		B7A11B642DF270C100A86715 /* CircleImage.swift in Sources */ = {isa = PBXBuildFile; fileRef = B7A11B632DF270C100A86715 /* CircleImage.swift */; };
		B7A11B662DF271B600A86715 /* MapView.swift in Sources */ = {isa = PBXBuildFile; fileRef = B7A11B652DF271B600A86715 /* MapView.swift */; };
		B7B123D52DFF0B4E00586841 /* HexagonParameters.swift in Sources */ = {isa = PBXBuildFile; fileRef = B7B123D42DFF0B4E00586841 /* HexagonParameters.swift */; };
		B7B123D72DFF0C1100586841 /* BadgeBackground.swift in Sources */ = {isa = PBXBuildFile; fileRef = B7B123D62DFF0C1100586841 /* BadgeBackground.swift */; };
		B7B123D92DFF0DD200586841 /* BadgeSymbol.swift in Sources */ = {isa = PBXBuildFile; fileRef = B7B123D82DFF0DD200586841 /* BadgeSymbol.swift */; };
		B7B123DB2DFF0E3F00586841 /* RotatedBadgeSymbol.swift in Sources */ = {isa = PBXBuildFile; fileRef = B7B123DA2DFF0E3F00586841 /* RotatedBadgeSymbol.swift */; };
		B7B123DD2DFF0E8700586841 /* Badge.swift in Sources */ = {isa = PBXBuildFile; fileRef = B7B123DC2DFF0E8700586841 /* Badge.swift */; };
		B7B123E02DFF10C400586841 /* hikeData.json in Resources */ = {isa = PBXBuildFile; fileRef = B7B123DF2DFF10C400586841 /* hikeData.json */; };
		B7B123E22DFF10E000586841 /* Hike.swift in Sources */ = {isa = PBXBuildFile; fileRef = B7B123E12DFF10E000586841 /* Hike.swift */; };
		B7B123E82DFF112900586841 /* GraphCapsule.swift in Sources */ = {isa = PBXBuildFile; fileRef = B7B123E32DFF112900586841 /* GraphCapsule.swift */; };
		B7B123E92DFF112900586841 /* HikeDetail.swift in Sources */ = {isa = PBXBuildFile; fileRef = B7B123E42DFF112900586841 /* HikeDetail.swift */; };
		B7B123EA2DFF112900586841 /* HikeGraph.swift in Sources */ = {isa = PBXBuildFile; fileRef = B7B123E52DFF112900586841 /* HikeGraph.swift */; };
		B7B123EB2DFF112900586841 /* HikeView.swift in Sources */ = {isa = PBXBuildFile; fileRef = B7B123E62DFF112900586841 /* HikeView.swift */; };
		B7B123EE2DFF13FB00586841 /* CategoryHome.swift in Sources */ = {isa = PBXBuildFile; fileRef = B7B123ED2DFF13FB00586841 /* CategoryHome.swift */; };
		B7B123F02DFF14A900586841 /* CategoryRow.swift in Sources */ = {isa = PBXBuildFile; fileRef = B7B123EF2DFF14A900586841 /* CategoryRow.swift */; };
		B7B123F22DFF14CB00586841 /* CategoryItem.swift in Sources */ = {isa = PBXBuildFile; fileRef = B7B123F12DFF14CB00586841 /* CategoryItem.swift */; };
		B7B123F42DFF179100586841 /* Profile.swift in Sources */ = {isa = PBXBuildFile; fileRef = B7B123F32DFF179100586841 /* Profile.swift */; };
		B7B123F72DFF17BA00586841 /* ProfileHost.swift in Sources */ = {isa = PBXBuildFile; fileRef = B7B123F62DFF17BA00586841 /* ProfileHost.swift */; };
		B7B123F92DFF17D000586841 /* ProfileSummary.swift in Sources */ = {isa = PBXBuildFile; fileRef = B7B123F82DFF17CE00586841 /* ProfileSummary.swift */; };
		B7B123FB2DFF17F400586841 /* HikeBadge.swift in Sources */ = {isa = PBXBuildFile; fileRef = B7B123FA2DFF17F200586841 /* HikeBadge.swift */; };
		B7B123FD2DFF18C600586841 /* ProfileEditor.swift in Sources */ = {isa = PBXBuildFile; fileRef = B7B123FC2DFF18C600586841 /* ProfileEditor.swift */; };
		B7D61DAC2DF2991100F01082 /* landmarkData.json in Resources */ = {isa = PBXBuildFile; fileRef = B7D61DAB2DF2991100F01082 /* landmarkData.json */; };
		B7D61DAE2DF2992700F01082 /* Landmark.swift in Sources */ = {isa = PBXBuildFile; fileRef = B7D61DAD2DF2992700F01082 /* Landmark.swift */; };
		B7D61DB02DF29B0600F01082 /* ModelData.swift in Sources */ = {isa = PBXBuildFile; fileRef = B7D61DAF2DF29B0600F01082 /* ModelData.swift */; };
		B7D61DB62DF29BB900F01082 /* LandmarkRow.swift in Sources */ = {isa = PBXBuildFile; fileRef = B7D61DB52DF29BB900F01082 /* LandmarkRow.swift */; };
		B7D61DB82DF29D3D00F01082 /* LandmarkList.swift in Sources */ = {isa = PBXBuildFile; fileRef = B7D61DB72DF29D3D00F01082 /* LandmarkList.swift */; };
		B7D61DBA2DF29E1500F01082 /* LandmarkDetail.swift in Sources */ = {isa = PBXBuildFile; fileRef = B7D61DB92DF29E1500F01082 /* LandmarkDetail.swift */; };
/* End PBXBuildFile section */

/* Begin PBXFileReference section */
		B761B81D2DFF01C400777015 /* FavoriteButton.swift */ = {isa = PBXFileReference; lastKnownFileType = sourcecode.swift; path = FavoriteButton.swift; sourceTree = "<group>"; };
		B7A11B4D2DF26C4000A86715 /* Landmarks.app */ = {isa = PBXFileReference; explicitFileType = wrapper.application; includeInIndex = 0; path = Landmarks.app; sourceTree = BUILT_PRODUCTS_DIR; };
		B7A11B502DF26C4000A86715 /* LandmarksApp.swift */ = {isa = PBXFileReference; lastKnownFileType = sourcecode.swift; path = LandmarksApp.swift; sourceTree = "<group>"; };
		B7A11B522DF26C4000A86715 /* ContentView.swift */ = {isa = PBXFileReference; lastKnownFileType = sourcecode.swift; path = ContentView.swift; sourceTree = "<group>"; };
		B7A11B542DF26C4100A86715 /* Assets.xcassets */ = {isa = PBXFileReference; lastKnownFileType = folder.assetcatalog; path = Assets.xcassets; sourceTree = "<group>"; };
		B7A11B572DF26C4100A86715 /* Preview Assets.xcassets */ = {isa = PBXFileReference; lastKnownFileType = folder.assetcatalog; path = "Preview Assets.xcassets"; sourceTree = "<group>"; };
		B7A11B592DF26C4100A86715 /* Persistence.swift */ = {isa = PBXFileReference; lastKnownFileType = sourcecode.swift; path = Persistence.swift; sourceTree = "<group>"; };
		B7A11B5C2DF26C4100A86715 /* Landmarks.xcdatamodel */ = {isa = PBXFileReference; lastKnownFileType = wrapper.xcdatamodel; path = Landmarks.xcdatamodel; sourceTree = "<group>"; };
		B7A11B632DF270C100A86715 /* CircleImage.swift */ = {isa = PBXFileReference; lastKnownFileType = sourcecode.swift; path = CircleImage.swift; sourceTree = "<group>"; };
		B7A11B652DF271B600A86715 /* MapView.swift */ = {isa = PBXFileReference; lastKnownFileType = sourcecode.swift; path = MapView.swift; sourceTree = "<group>"; };
		B7B123D42DFF0B4E00586841 /* HexagonParameters.swift */ = {isa = PBXFileReference; lastKnownFileType = sourcecode.swift; path = HexagonParameters.swift; sourceTree = "<group>"; };
		B7B123D62DFF0C1100586841 /* BadgeBackground.swift */ = {isa = PBXFileReference; lastKnownFileType = sourcecode.swift; path = BadgeBackground.swift; sourceTree = "<group>"; };
		B7B123D82DFF0DD200586841 /* BadgeSymbol.swift */ = {isa = PBXFileReference; lastKnownFileType = sourcecode.swift; path = BadgeSymbol.swift; sourceTree = "<group>"; };
		B7B123DA2DFF0E3F00586841 /* RotatedBadgeSymbol.swift */ = {isa = PBXFileReference; lastKnownFileType = sourcecode.swift; path = RotatedBadgeSymbol.swift; sourceTree = "<group>"; };
		B7B123DC2DFF0E8700586841 /* Badge.swift */ = {isa = PBXFileReference; lastKnownFileType = sourcecode.swift; path = Badge.swift; sourceTree = "<group>"; };
		B7B123DF2DFF10C400586841 /* hikeData.json */ = {isa = PBXFileReference; lastKnownFileType = text.json; path = hikeData.json; sourceTree = "<group>"; };
		B7B123E12DFF10E000586841 /* Hike.swift */ = {isa = PBXFileReference; lastKnownFileType = sourcecode.swift; path = Hike.swift; sourceTree = "<group>"; };
		B7B123E32DFF112900586841 /* GraphCapsule.swift */ = {isa = PBXFileReference; lastKnownFileType = sourcecode.swift; path = GraphCapsule.swift; sourceTree = "<group>"; };
		B7B123E42DFF112900586841 /* HikeDetail.swift */ = {isa = PBXFileReference; lastKnownFileType = sourcecode.swift; path = HikeDetail.swift; sourceTree = "<group>"; };
		B7B123E52DFF112900586841 /* HikeGraph.swift */ = {isa = PBXFileReference; lastKnownFileType = sourcecode.swift; path = HikeGraph.swift; sourceTree = "<group>"; };
		B7B123E62DFF112900586841 /* HikeView.swift */ = {isa = PBXFileReference; lastKnownFileType = sourcecode.swift; path = HikeView.swift; sourceTree = "<group>"; };
		B7B123ED2DFF13FB00586841 /* CategoryHome.swift */ = {isa = PBXFileReference; lastKnownFileType = sourcecode.swift; path = CategoryHome.swift; sourceTree = "<group>"; };
		B7B123EF2DFF14A900586841 /* CategoryRow.swift */ = {isa = PBXFileReference; lastKnownFileType = sourcecode.swift; path = CategoryRow.swift; sourceTree = "<group>"; };
		B7B123F12DFF14CB00586841 /* CategoryItem.swift */ = {isa = PBXFileReference; lastKnownFileType = sourcecode.swift; path = CategoryItem.swift; sourceTree = "<group>"; };
		B7B123F32DFF179100586841 /* Profile.swift */ = {isa = PBXFileReference; lastKnownFileType = sourcecode.swift; path = Profile.swift; sourceTree = "<group>"; };
		B7B123F62DFF17BA00586841 /* ProfileHost.swift */ = {isa = PBXFileReference; lastKnownFileType = sourcecode.swift; path = ProfileHost.swift; sourceTree = "<group>"; };
		B7B123F82DFF17CE00586841 /* ProfileSummary.swift */ = {isa = PBXFileReference; lastKnownFileType = sourcecode.swift; path = ProfileSummary.swift; sourceTree = "<group>"; };
		B7B123FA2DFF17F200586841 /* HikeBadge.swift */ = {isa = PBXFileReference; lastKnownFileType = sourcecode.swift; path = HikeBadge.swift; sourceTree = "<group>"; };
		B7B123FC2DFF18C600586841 /* ProfileEditor.swift */ = {isa = PBXFileReference; lastKnownFileType = sourcecode.swift; path = ProfileEditor.swift; sourceTree = "<group>"; };
		B7D61DAB2DF2991100F01082 /* landmarkData.json */ = {isa = PBXFileReference; fileEncoding = 4; lastKnownFileType = text.json; path = landmarkData.json; sourceTree = "<group>"; };
		B7D61DAD2DF2992700F01082 /* Landmark.swift */ = {isa = PBXFileReference; lastKnownFileType = sourcecode.swift; path = Landmark.swift; sourceTree = "<group>"; };
		B7D61DAF2DF29B0600F01082 /* ModelData.swift */ = {isa = PBXFileReference; lastKnownFileType = sourcecode.swift; path = ModelData.swift; sourceTree = "<group>"; };
		B7D61DB52DF29BB900F01082 /* LandmarkRow.swift */ = {isa = PBXFileReference; lastKnownFileType = sourcecode.swift; path = LandmarkRow.swift; sourceTree = "<group>"; };
		B7D61DB72DF29D3D00F01082 /* LandmarkList.swift */ = {isa = PBXFileReference; lastKnownFileType = sourcecode.swift; path = LandmarkList.swift; sourceTree = "<group>"; };
		B7D61DB92DF29E1500F01082 /* LandmarkDetail.swift */ = {isa = PBXFileReference; lastKnownFileType = sourcecode.swift; path = LandmarkDetail.swift; sourceTree = "<group>"; };
/* End PBXFileReference section */

/* Begin PBXFrameworksBuildPhase section */
		B7A11B4A2DF26C4000A86715 /* Frameworks */ = {
			isa = PBXFrameworksBuildPhase;
			buildActionMask = 2147483647;
			files = (
			);
			runOnlyForDeploymentPostprocessing = 0;
		};
/* End PBXFrameworksBuildPhase section */

/* Begin PBXGroup section */
		B761B81F2DFF01FD00777015 /* Landmarks */ = {
			isa = PBXGroup;
			children = (
				B7D61DB52DF29BB900F01082 /* LandmarkRow.swift */,
				B7D61DB72DF29D3D00F01082 /* LandmarkList.swift */,
				B7D61DB92DF29E1500F01082 /* LandmarkDetail.swift */,
			);
			path = Landmarks;
			sourceTree = "<group>";
		};
		B761B8202DFF020D00777015 /* Helper */ = {
			isa = PBXGroup;
			children = (
				B7A11B632DF270C100A86715 /* CircleImage.swift */,
				B7A11B652DF271B600A86715 /* MapView.swift */,
				B761B81D2DFF01C400777015 /* FavoriteButton.swift */,
			);
			path = Helper;
			sourceTree = "<group>";
		};
		B7A11B442DF26C4000A86715 = {
			isa = PBXGroup;
			children = (
				B7A11B4F2DF26C4000A86715 /* Landmarks */,
				B7A11B4E2DF26C4000A86715 /* Products */,
			);
			sourceTree = "<group>";
		};
		B7A11B4E2DF26C4000A86715 /* Products */ = {
			isa = PBXGroup;
			children = (
				B7A11B4D2DF26C4000A86715 /* Landmarks.app */,
			);
			name = Products;
			sourceTree = "<group>";
		};
		B7A11B4F2DF26C4000A86715 /* Landmarks */ = {
			isa = PBXGroup;
			children = (
				B7D61DB12DF29B3500F01082 /* Views */,
				B7D61DB42DF29B6000F01082 /* Model */,
				B7D61DB32DF29B4800F01082 /* Resourcese */,
				B7A11B502DF26C4000A86715 /* LandmarksApp.swift */,
				B7A11B592DF26C4100A86715 /* Persistence.swift */,
				B7A11B542DF26C4100A86715 /* Assets.xcassets */,
				B7A11B5B2DF26C4100A86715 /* Landmarks.xcdatamodeld */,
				B7A11B562DF26C4100A86715 /* Preview Content */,
			);
			path = Landmarks;
			sourceTree = "<group>";
		};
		B7A11B562DF26C4100A86715 /* Preview Content */ = {
			isa = PBXGroup;
			children = (
				B7A11B572DF26C4100A86715 /* Preview Assets.xcassets */,
			);
			path = "Preview Content";
			sourceTree = "<group>";
		};
		B7B123DE2DFF0F0000586841 /* Badges */ = {
			isa = PBXGroup;
			children = (
				B7B123DC2DFF0E8700586841 /* Badge.swift */,
				B7B123DA2DFF0E3F00586841 /* RotatedBadgeSymbol.swift */,
				B7B123D82DFF0DD200586841 /* BadgeSymbol.swift */,
				B7B123D62DFF0C1100586841 /* BadgeBackground.swift */,
				B7B123D42DFF0B4E00586841 /* HexagonParameters.swift */,
			);
			path = Badges;
			sourceTree = "<group>";
		};
		B7B123E72DFF112900586841 /* Hikes */ = {
			isa = PBXGroup;
			children = (
				B7B123E32DFF112900586841 /* GraphCapsule.swift */,
				B7B123E42DFF112900586841 /* HikeDetail.swift */,
				B7B123E52DFF112900586841 /* HikeGraph.swift */,
				B7B123E62DFF112900586841 /* HikeView.swift */,
				B7B123FA2DFF17F200586841 /* HikeBadge.swift */,
			);
			path = Hikes;
			sourceTree = "<group>";
		};
		B7B123EC2DFF13EE00586841 /* Categories */ = {
			isa = PBXGroup;
			children = (
				B7B123ED2DFF13FB00586841 /* CategoryHome.swift */,
				B7B123EF2DFF14A900586841 /* CategoryRow.swift */,
				B7B123F12DFF14CB00586841 /* CategoryItem.swift */,
			);
			path = Categories;
			sourceTree = "<group>";
		};
		B7B123F52DFF17AA00586841 /* Profiles */ = {
			isa = PBXGroup;
			children = (
				B7B123F82DFF17CE00586841 /* ProfileSummary.swift */,
				B7B123F62DFF17BA00586841 /* ProfileHost.swift */,
				B7B123FC2DFF18C600586841 /* ProfileEditor.swift */,
			);
			path = Profiles;
			sourceTree = "<group>";
		};
		B7D61DB12DF29B3500F01082 /* Views */ = {
			isa = PBXGroup;
			children = (
				B7B123F52DFF17AA00586841 /* Profiles */,
				B7B123EC2DFF13EE00586841 /* Categories */,
				B7B123E72DFF112900586841 /* Hikes */,
				B761B8202DFF020D00777015 /* Helper */,
				B761B81F2DFF01FD00777015 /* Landmarks */,
				B7A11B522DF26C4000A86715 /* ContentView.swift */,
				B7B123DE2DFF0F0000586841 /* Badges */,
			);
			path = Views;
			sourceTree = "<group>";
		};
		B7D61DB32DF29B4800F01082 /* Resourcese */ = {
			isa = PBXGroup;
			children = (
				B7B123DF2DFF10C400586841 /* hikeData.json */,
				B7D61DAB2DF2991100F01082 /* landmarkData.json */,
			);
			path = Resourcese;
			sourceTree = "<group>";
		};
		B7D61DB42DF29B6000F01082 /* Model */ = {
			isa = PBXGroup;
			children = (
				B7D61DAF2DF29B0600F01082 /* ModelData.swift */,
				B7D61DAD2DF2992700F01082 /* Landmark.swift */,
				B7B123E12DFF10E000586841 /* Hike.swift */,
				B7B123F32DFF179100586841 /* Profile.swift */,
			);
			path = Model;
			sourceTree = "<group>";
		};
/* End PBXGroup section */

/* Begin PBXNativeTarget section */
		B7A11B4C2DF26C4000A86715 /* Landmarks */ = {
			isa = PBXNativeTarget;
			buildConfigurationList = B7A11B602DF26C4100A86715 /* Build configuration list for PBXNativeTarget "Landmarks" */;
			buildPhases = (
				B7A11B492DF26C4000A86715 /* Sources */,
				B7A11B4A2DF26C4000A86715 /* Frameworks */,
				B7A11B4B2DF26C4000A86715 /* Resources */,
			);
			buildRules = (
			);
			dependencies = (
			);
			name = Landmarks;
			productName = Landmarks;
			productReference = B7A11B4D2DF26C4000A86715 /* Landmarks.app */;
			productType = "com.apple.product-type.application";
		};
/* End PBXNativeTarget section */

/* Begin PBXProject section */
		B7A11B452DF26C4000A86715 /* Project object */ = {
			isa = PBXProject;
			attributes = {
				BuildIndependentTargetsInParallel = 1;
				LastSwiftUpdateCheck = 1540;
				LastUpgradeCheck = 1540;
				TargetAttributes = {
					B7A11B4C2DF26C4000A86715 = {
						CreatedOnToolsVersion = 15.4;
					};
				};
			};
			buildConfigurationList = B7A11B482DF26C4000A86715 /* Build configuration list for PBXProject "Landmarks" */;
			compatibilityVersion = "Xcode 14.0";
			developmentRegion = en;
			hasScannedForEncodings = 0;
			knownRegions = (
				en,
				Base,
			);
			mainGroup = B7A11B442DF26C4000A86715;
			productRefGroup = B7A11B4E2DF26C4000A86715 /* Products */;
			projectDirPath = "";
			projectRoot = "";
			targets = (
				B7A11B4C2DF26C4000A86715 /* Landmarks */,
			);
		};
/* End PBXProject section */

/* Begin PBXResourcesBuildPhase section */
		B7A11B4B2DF26C4000A86715 /* Resources */ = {
			isa = PBXResourcesBuildPhase;
			buildActionMask = 2147483647;
			files = (
				B7B123E02DFF10C400586841 /* hikeData.json in Resources */,
				B7A11B582DF26C4100A86715 /* Preview Assets.xcassets in Resources */,
				B7A11B552DF26C4100A86715 /* Assets.xcassets in Resources */,
				B7D61DAC2DF2991100F01082 /* landmarkData.json in Resources */,
			);
			runOnlyForDeploymentPostprocessing = 0;
		};
/* End PBXResourcesBuildPhase section */

/* Begin PBXSourcesBuildPhase section */
		B7A11B492DF26C4000A86715 /* Sources */ = {
			isa = PBXSourcesBuildPhase;
			buildActionMask = 2147483647;
			files = (
				B7D61DAE2DF2992700F01082 /* Landmark.swift in Sources */,
				B7B123E82DFF112900586841 /* GraphCapsule.swift in Sources */,
				B7B123FD2DFF18C600586841 /* ProfileEditor.swift in Sources */,
				B7B123F92DFF17D000586841 /* ProfileSummary.swift in Sources */,
				B7B123E92DFF112900586841 /* HikeDetail.swift in Sources */,
				B7B123F42DFF179100586841 /* Profile.swift in Sources */,
				B7B123EA2DFF112900586841 /* HikeGraph.swift in Sources */,
				B7B123EB2DFF112900586841 /* HikeView.swift in Sources */,
				B7B123F72DFF17BA00586841 /* ProfileHost.swift in Sources */,
				B7B123DD2DFF0E8700586841 /* Badge.swift in Sources */,
				B7A11B5A2DF26C4100A86715 /* Persistence.swift in Sources */,
				B7A11B662DF271B600A86715 /* MapView.swift in Sources */,
				B761B81E2DFF01C400777015 /* FavoriteButton.swift in Sources */,
				B7A11B532DF26C4000A86715 /* ContentView.swift in Sources */,
				B7B123F02DFF14A900586841 /* CategoryRow.swift in Sources */,
				B7B123E22DFF10E000586841 /* Hike.swift in Sources */,
				B7A11B512DF26C4000A86715 /* LandmarksApp.swift in Sources */,
				B7D61DB02DF29B0600F01082 /* ModelData.swift in Sources */,
				B7A11B5D2DF26C4100A86715 /* Landmarks.xcdatamodeld in Sources */,
				B7B123EE2DFF13FB00586841 /* CategoryHome.swift in Sources */,
				B7B123D92DFF0DD200586841 /* BadgeSymbol.swift in Sources */,
				B7A11B642DF270C100A86715 /* CircleImage.swift in Sources */,
				B7B123FB2DFF17F400586841 /* HikeBadge.swift in Sources */,
				B7B123F22DFF14CB00586841 /* CategoryItem.swift in Sources */,
				B7B123D72DFF0C1100586841 /* BadgeBackground.swift in Sources */,
				B7B123D52DFF0B4E00586841 /* HexagonParameters.swift in Sources */,
				B7D61DB62DF29BB900F01082 /* LandmarkRow.swift in Sources */,
				B7D61DBA2DF29E1500F01082 /* LandmarkDetail.swift in Sources */,
				B7D61DB82DF29D3D00F01082 /* LandmarkList.swift in Sources */,
				B7B123DB2DFF0E3F00586841 /* RotatedBadgeSymbol.swift in Sources */,
			);
			runOnlyForDeploymentPostprocessing = 0;
		};
/* End PBXSourcesBuildPhase section */

/* Begin XCBuildConfiguration section */
		B7A11B5E2DF26C4100A86715 /* Debug */ = {
			isa = XCBuildConfiguration;
			buildSettings = {
				ALWAYS_SEARCH_USER_PATHS = NO;
				ASSETCATALOG_COMPILER_GENERATE_SWIFT_ASSET_SYMBOL_EXTENSIONS = YES;
				CLANG_ANALYZER_NONNULL = YES;
				CLANG_ANALYZER_NUMBER_OBJECT_CONVERSION = YES_AGGRESSIVE;
				CLANG_CXX_LANGUAGE_STANDARD = "gnu++20";
				CLANG_ENABLE_MODULES = YES;
				CLANG_ENABLE_OBJC_ARC = YES;
				CLANG_ENABLE_OBJC_WEAK = YES;
				CLANG_WARN_BLOCK_CAPTURE_AUTORELEASING = YES;
				CLANG_WARN_BOOL_CONVERSION = YES;
				CLANG_WARN_COMMA = YES;
				CLANG_WARN_CONSTANT_CONVERSION = YES;
				CLANG_WARN_DEPRECATED_OBJC_IMPLEMENTATIONS = YES;
				CLANG_WARN_DIRECT_OBJC_ISA_USAGE = YES_ERROR;
				CLANG_WARN_DOCUMENTATION_COMMENTS = YES;
				CLANG_WARN_EMPTY_BODY = YES;
				CLANG_WARN_ENUM_CONVERSION = YES;
				CLANG_WARN_INFINITE_RECURSION = YES;
				CLANG_WARN_INT_CONVERSION = YES;
				CLANG_WARN_NON_LITERAL_NULL_CONVERSION = YES;
				CLANG_WARN_OBJC_IMPLICIT_RETAIN_SELF = YES;
				CLANG_WARN_OBJC_LITERAL_CONVERSION = YES;
				CLANG_WARN_OBJC_ROOT_CLASS = YES_ERROR;
				CLANG_WARN_QUOTED_INCLUDE_IN_FRAMEWORK_HEADER = YES;
				CLANG_WARN_RANGE_LOOP_ANALYSIS = YES;
				CLANG_WARN_STRICT_PROTOTYPES = YES;
				CLANG_WARN_SUSPICIOUS_MOVE = YES;
				CLANG_WARN_UNGUARDED_AVAILABILITY = YES_AGGRESSIVE;
				CLANG_WARN_UNREACHABLE_CODE = YES;
				CLANG_WARN__DUPLICATE_METHOD_MATCH = YES;
				COPY_PHASE_STRIP = NO;
				DEBUG_INFORMATION_FORMAT = dwarf;
				ENABLE_STRICT_OBJC_MSGSEND = YES;
				ENABLE_TESTABILITY = YES;
				ENABLE_USER_SCRIPT_SANDBOXING = YES;
				GCC_C_LANGUAGE_STANDARD = gnu17;
				GCC_DYNAMIC_NO_PIC = NO;
				GCC_NO_COMMON_BLOCKS = YES;
				GCC_OPTIMIZATION_LEVEL = 0;
				GCC_PREPROCESSOR_DEFINITIONS = (
					"DEBUG=1",
					"$(inherited)",
				);
				GCC_WARN_64_TO_32_BIT_CONVERSION = YES;
				GCC_WARN_ABOUT_RETURN_TYPE = YES_ERROR;
				GCC_WARN_UNDECLARED_SELECTOR = YES;
				GCC_WARN_UNINITIALIZED_AUTOS = YES_AGGRESSIVE;
				GCC_WARN_UNUSED_FUNCTION = YES;
				GCC_WARN_UNUSED_VARIABLE = YES;
				IPHONEOS_DEPLOYMENT_TARGET = 17.5;
				LOCALIZATION_PREFERS_STRING_CATALOGS = YES;
				MTL_ENABLE_DEBUG_INFO = INCLUDE_SOURCE;
				MTL_FAST_MATH = YES;
				ONLY_ACTIVE_ARCH = YES;
				SDKROOT = iphoneos;
				SWIFT_ACTIVE_COMPILATION_CONDITIONS = "DEBUG $(inherited)";
				SWIFT_OPTIMIZATION_LEVEL = "-Onone";
			};
			name = Debug;
		};
		B7A11B5F2DF26C4100A86715 /* Release */ = {
			isa = XCBuildConfiguration;
			buildSettings = {
				ALWAYS_SEARCH_USER_PATHS = NO;
				ASSETCATALOG_COMPILER_GENERATE_SWIFT_ASSET_SYMBOL_EXTENSIONS = YES;
				CLANG_ANALYZER_NONNULL = YES;
				CLANG_ANALYZER_NUMBER_OBJECT_CONVERSION = YES_AGGRESSIVE;
				CLANG_CXX_LANGUAGE_STANDARD = "gnu++20";
				CLANG_ENABLE_MODULES = YES;
				CLANG_ENABLE_OBJC_ARC = YES;
				CLANG_ENABLE_OBJC_WEAK = YES;
				CLANG_WARN_BLOCK_CAPTURE_AUTORELEASING = YES;
				CLANG_WARN_BOOL_CONVERSION = YES;
				CLANG_WARN_COMMA = YES;
				CLANG_WARN_CONSTANT_CONVERSION = YES;
				CLANG_WARN_DEPRECATED_OBJC_IMPLEMENTATIONS = YES;
				CLANG_WARN_DIRECT_OBJC_ISA_USAGE = YES_ERROR;
				CLANG_WARN_DOCUMENTATION_COMMENTS = YES;
				CLANG_WARN_EMPTY_BODY = YES;
				CLANG_WARN_ENUM_CONVERSION = YES;
				CLANG_WARN_INFINITE_RECURSION = YES;
				CLANG_WARN_INT_CONVERSION = YES;
				CLANG_WARN_NON_LITERAL_NULL_CONVERSION = YES;
				CLANG_WARN_OBJC_IMPLICIT_RETAIN_SELF = YES;
				CLANG_WARN_OBJC_LITERAL_CONVERSION = YES;
				CLANG_WARN_OBJC_ROOT_CLASS = YES_ERROR;
				CLANG_WARN_QUOTED_INCLUDE_IN_FRAMEWORK_HEADER = YES;
				CLANG_WARN_RANGE_LOOP_ANALYSIS = YES;
				CLANG_WARN_STRICT_PROTOTYPES = YES;
				CLANG_WARN_SUSPICIOUS_MOVE = YES;
				CLANG_WARN_UNGUARDED_AVAILABILITY = YES_AGGRESSIVE;
				CLANG_WARN_UNREACHABLE_CODE = YES;
				CLANG_WARN__DUPLICATE_METHOD_MATCH = YES;
				COPY_PHASE_STRIP = NO;
				DEBUG_INFORMATION_FORMAT = "dwarf-with-dsym";
				ENABLE_NS_ASSERTIONS = NO;
				ENABLE_STRICT_OBJC_MSGSEND = YES;
				ENABLE_USER_SCRIPT_SANDBOXING = YES;
				GCC_C_LANGUAGE_STANDARD = gnu17;
				GCC_NO_COMMON_BLOCKS = YES;
				GCC_WARN_64_TO_32_BIT_CONVERSION = YES;
				GCC_WARN_ABOUT_RETURN_TYPE = YES_ERROR;
				GCC_WARN_UNDECLARED_SELECTOR = YES;
				GCC_WARN_UNINITIALIZED_AUTOS = YES_AGGRESSIVE;
				GCC_WARN_UNUSED_FUNCTION = YES;
				GCC_WARN_UNUSED_VARIABLE = YES;
				IPHONEOS_DEPLOYMENT_TARGET = 17.5;
				LOCALIZATION_PREFERS_STRING_CATALOGS = YES;
				MTL_ENABLE_DEBUG_INFO = NO;
				MTL_FAST_MATH = YES;
				SDKROOT = iphoneos;
				SWIFT_COMPILATION_MODE = wholemodule;
				VALIDATE_PRODUCT = YES;
			};
			name = Release;
		};
		B7A11B612DF26C4100A86715 /* Debug */ = {
			isa = XCBuildConfiguration;
			buildSettings = {
				ASSETCATALOG_COMPILER_APPICON_NAME = AppIcon;
				ASSETCATALOG_COMPILER_GLOBAL_ACCENT_COLOR_NAME = AccentColor;
				CODE_SIGN_STYLE = Automatic;
				CURRENT_PROJECT_VERSION = 1;
				DEVELOPMENT_ASSET_PATHS = "\"Landmarks/Preview Content\"";
				DEVELOPMENT_TEAM = J6THCFBVS3;
				ENABLE_PREVIEWS = YES;
				GENERATE_INFOPLIST_FILE = YES;
				INFOPLIST_KEY_UIApplicationSceneManifest_Generation = YES;
				INFOPLIST_KEY_UIApplicationSupportsIndirectInputEvents = YES;
				INFOPLIST_KEY_UILaunchScreen_Generation = YES;
				INFOPLIST_KEY_UISupportedInterfaceOrientations_iPad = "UIInterfaceOrientationPortrait UIInterfaceOrientationPortraitUpsideDown UIInterfaceOrientationLandscapeLeft UIInterfaceOrientationLandscapeRight";
				INFOPLIST_KEY_UISupportedInterfaceOrientations_iPhone = "UIInterfaceOrientationPortrait UIInterfaceOrientationLandscapeLeft UIInterfaceOrientationLandscapeRight";
				LD_RUNPATH_SEARCH_PATHS = (
					"$(inherited)",
					"@executable_path/Frameworks",
				);
				MARKETING_VERSION = 1.0;
				PRODUCT_BUNDLE_IDENTIFIER = com.CTL.Landmarks;
				PRODUCT_NAME = "$(TARGET_NAME)";
				SWIFT_EMIT_LOC_STRINGS = YES;
				SWIFT_VERSION = 5.0;
				TARGETED_DEVICE_FAMILY = "1,2";
			};
			name = Debug;
		};
		B7A11B622DF26C4100A86715 /* Release */ = {
			isa = XCBuildConfiguration;
			buildSettings = {
				ASSETCATALOG_COMPILER_APPICON_NAME = AppIcon;
				ASSETCATALOG_COMPILER_GLOBAL_ACCENT_COLOR_NAME = AccentColor;
				CODE_SIGN_STYLE = Automatic;
				CURRENT_PROJECT_VERSION = 1;
				DEVELOPMENT_ASSET_PATHS = "\"Landmarks/Preview Content\"";
				DEVELOPMENT_TEAM = J6THCFBVS3;
				ENABLE_PREVIEWS = YES;
				GENERATE_INFOPLIST_FILE = YES;
				INFOPLIST_KEY_UIApplicationSceneManifest_Generation = YES;
				INFOPLIST_KEY_UIApplicationSupportsIndirectInputEvents = YES;
				INFOPLIST_KEY_UILaunchScreen_Generation = YES;
				INFOPLIST_KEY_UISupportedInterfaceOrientations_iPad = "UIInterfaceOrientationPortrait UIInterfaceOrientationPortraitUpsideDown UIInterfaceOrientationLandscapeLeft UIInterfaceOrientationLandscapeRight";
				INFOPLIST_KEY_UISupportedInterfaceOrientations_iPhone = "UIInterfaceOrientationPortrait UIInterfaceOrientationLandscapeLeft UIInterfaceOrientationLandscapeRight";
				LD_RUNPATH_SEARCH_PATHS = (
					"$(inherited)",
					"@executable_path/Frameworks",
				);
				MARKETING_VERSION = 1.0;
				PRODUCT_BUNDLE_IDENTIFIER = com.CTL.Landmarks;
				PRODUCT_NAME = "$(TARGET_NAME)";
				SWIFT_EMIT_LOC_STRINGS = YES;
				SWIFT_VERSION = 5.0;
				TARGETED_DEVICE_FAMILY = "1,2";
			};
			name = Release;
		};
/* End XCBuildConfiguration section */

/* Begin XCConfigurationList section */
		B7A11B482DF26C4000A86715 /* Build configuration list for PBXProject "Landmarks" */ = {
			isa = XCConfigurationList;
			buildConfigurations = (
				B7A11B5E2DF26C4100A86715 /* Debug */,
				B7A11B5F2DF26C4100A86715 /* Release */,
			);
			defaultConfigurationIsVisible = 0;
			defaultConfigurationName = Release;
		};
		B7A11B602DF26C4100A86715 /* Build configuration list for PBXNativeTarget "Landmarks" */ = {
			isa = XCConfigurationList;
			buildConfigurations = (
				B7A11B612DF26C4100A86715 /* Debug */,
				B7A11B622DF26C4100A86715 /* Release */,
			);
			defaultConfigurationIsVisible = 0;
			defaultConfigurationName = Release;
		};
/* End XCConfigurationList section */

/* Begin XCVersionGroup section */
		B7A11B5B2DF26C4100A86715 /* Landmarks.xcdatamodeld */ = {
			isa = XCVersionGroup;
			children = (
				B7A11B5C2DF26C4100A86715 /* Landmarks.xcdatamodel */,
			);
			currentVersion = B7A11B5C2DF26C4100A86715 /* Landmarks.xcdatamodel */;
			path = Landmarks.xcdatamodeld;
			sourceTree = "<group>";
			versionGroupType = wrapper.xcdatamodel;
		};
/* End XCVersionGroup section */
	};
	rootObject = B7A11B452DF26C4000A86715 /* Project object */;
}
